// !$*UTF8*$!
{
	archiveVersion = 1;
	classes = {
	};
	objectVersion = 77;
	objects = {

/* Begin PBXBuildFile section */
		192A5D122F7A917E00DB8C96 /* SpeakerKit in Frameworks */ = {isa = PBXBuildFile; productRef = 192A5D112F7A917E00DB8C96 /* SpeakerKit */; };
		192A5D142F7A917E00DB8C96 /* TTSKit in Frameworks */ = {isa = PBXBuildFile; productRef = 192A5D132F7A917E00DB8C96 /* TTSKit */; };
		192A5D162F7A917E00DB8C96 /* WhisperKit in Frameworks */ = {isa = PBXBuildFile; productRef = 192A5D152F7A917E00DB8C96 /* WhisperKit */; };
		1993B08B2F69460700C78634 /* GoogleSignIn in Frameworks */ = {isa = PBXBuildFile; productRef = 1993B08A2F69460700C78634 /* GoogleSignIn */; };
		1993B08D2F69460700C78634 /* GoogleSignInSwift in Frameworks */ = {isa = PBXBuildFile; productRef = 1993B08C2F69460700C78634 /* GoogleSignInSwift */; };
		1993B0902F69462B00C78634 /* RiveRuntime in Frameworks */ = {isa = PBXBuildFile; productRef = 1993B08F2F69462B00C78634 /* RiveRuntime */; };
		19B7F8C52F5E961600E02FB6 /* Supabase in Frameworks */ = {isa = PBXBuildFile; productRef = 19B7F8C42F5E961600E02FB6 /* Supabase */; };
		19EB3DD52ED71B340003B76D /* .gitignore in Resources */ = {isa = PBXBuildFile; fileRef = 19EB3DD42ED71B340003B76D /* .gitignore */; };
/* End PBXBuildFile section */

/* Begin PBXCopyFilesBuildPhase section */
		BCCE180C2FB1F0030032D5FE /* Embed Frameworks */ = {
			isa = PBXCopyFilesBuildPhase;
			buildActionMask = 2147483647;
			dstPath = "";
			dstSubfolderSpec = 10;
			files = (
			);
			name = "Embed Frameworks";
			runOnlyForDeploymentPostprocessing = 0;
		};
/* End PBXCopyFilesBuildPhase section */

/* Begin PBXFileReference section */
		194C02B42F21D937009DB06D /* Stuttering App.app */ = {isa = PBXFileReference; explicitFileType = wrapper.application; includeInIndex = 0; path = "Stuttering App.app"; sourceTree = BUILT_PRODUCTS_DIR; };
		19EB3DD42ED71B340003B76D /* .gitignore */ = {isa = PBXFileReference; lastKnownFileType = text; path = .gitignore; sourceTree = "<group>"; };
/* End PBXFileReference section */

/* Begin PBXFileSystemSynchronizedRootGroup section */
		19EB3D352ED6ED290003B76D /* Stuttering App */ = {
			isa = PBXFileSystemSynchronizedRootGroup;
			path = "Stuttering App";
			sourceTree = "<group>";
		};
/* End PBXFileSystemSynchronizedRootGroup section */

/* Begin PBXFrameworksBuildPhase section */
		19EB3D302ED6ED290003B76D /* Frameworks */ = {
			isa = PBXFrameworksBuildPhase;
			buildActionMask = 2147483647;
			files = (
				1993B08D2F69460700C78634 /* GoogleSignInSwift in Frameworks */,
				1993B0902F69462B00C78634 /* RiveRuntime in Frameworks */,
				19B7F8C52F5E961600E02FB6 /* Supabase in Frameworks */,
				192A5D142F7A917E00DB8C96 /* TTSKit in Frameworks */,
				192A5D122F7A917E00DB8C96 /* SpeakerKit in Frameworks */,
				1993B08B2F69460700C78634 /* GoogleSignIn in Frameworks */,
				192A5D162F7A917E00DB8C96 /* WhisperKit in Frameworks */,
			);
			runOnlyForDeploymentPostprocessing = 0;
		};
/* End PBXFrameworksBuildPhase section */

/* Begin PBXGroup section */
		19EB3D2A2ED6ED290003B76D = {
			isa = PBXGroup;
			children = (
				19EB3DD42ED71B340003B76D /* .gitignore */,
				19EB3D352ED6ED290003B76D /* Stuttering App */,
				194C02B42F21D937009DB06D /* Stuttering App.app */,
				BCCE18022FB1F0030032D5FE /* Frameworks */,
			);
			sourceTree = "<group>";
		};
		BCCE18022FB1F0030032D5FE /* Frameworks */ = {
			isa = PBXGroup;
			children = (
			);
			name = Frameworks;
			sourceTree = "<group>";
		};
/* End PBXGroup section */

/* Begin PBXNativeTarget section */
		19EB3D322ED6ED290003B76D /* Stuttering App */ = {
			isa = PBXNativeTarget;
			buildConfigurationList = 19EB3D462ED6ED2A0003B76D /* Build configuration list for PBXNativeTarget "Stuttering App" */;
			buildPhases = (
				19EB3D2F2ED6ED290003B76D /* Sources */,
				19EB3D302ED6ED290003B76D /* Frameworks */,
				19EB3D312ED6ED290003B76D /* Resources */,
				BCCE180C2FB1F0030032D5FE /* Embed Frameworks */,
			);
			buildRules = (
			);
			dependencies = (
			);
			fileSystemSynchronizedGroups = (
				19EB3D352ED6ED290003B76D /* Stuttering App */,
			);
			name = "Stuttering App";
			packageProductDependencies = (
				19B7F8C42F5E961600E02FB6 /* Supabase */,
				1993B08A2F69460700C78634 /* GoogleSignIn */,
				1993B08C2F69460700C78634 /* GoogleSignInSwift */,
				1993B08F2F69462B00C78634 /* RiveRuntime */,
				192A5D112F7A917E00DB8C96 /* SpeakerKit */,
				192A5D132F7A917E00DB8C96 /* TTSKit */,
				192A5D152F7A917E00DB8C96 /* WhisperKit */,
			);
			productName = "Stuttering App";
			productReference = 194C02B42F21D937009DB06D /* Stuttering App.app */;
			productType = "com.apple.product-type.application";
		};
/* End PBXNativeTarget section */

/* Begin PBXProject section */
		19EB3D2B2ED6ED290003B76D /* Project object */ = {
			isa = PBXProject;
			attributes = {
				BuildIndependentTargetsInParallel = 1;
				LastSwiftUpdateCheck = 2610;
				LastUpgradeCheck = 2610;
				TargetAttributes = {
					19EB3D322ED6ED290003B76D = {
						CreatedOnToolsVersion = 26.1.1;
					};
				};
			};
			buildConfigurationList = 19EB3D2E2ED6ED290003B76D /* Build configuration list for PBXProject "Stuttering App" */;
			developmentRegion = en;
			hasScannedForEncodings = 0;
			knownRegions = (
				en,
				Base,
			);
			mainGroup = 19EB3D2A2ED6ED290003B76D;
			minimizedProjectReferenceProxies = 1;
			packageReferences = (
				19B7F8C32F5E961600E02FB6 /* XCRemoteSwiftPackageReference "supabase-swift" */,
				1993B0892F69460700C78634 /* XCRemoteSwiftPackageReference "GoogleSignIn-iOS" */,
				1993B08E2F69462B00C78634 /* XCRemoteSwiftPackageReference "rive-ios" */,
				192A5D102F7A917E00DB8C96 /* XCRemoteSwiftPackageReference "WhisperKit" */,
			);
			preferredProjectObjectVersion = 77;
			productRefGroup = 19EB3D2A2ED6ED290003B76D;
			projectDirPath = "";
			projectRoot = "";
			targets = (
				19EB3D322ED6ED290003B76D /* Stuttering App */,
			);
		};
/* End PBXProject section */

/* Begin PBXResourcesBuildPhase section */
		19EB3D312ED6ED290003B76D /* Resources */ = {
			isa = PBXResourcesBuildPhase;
			buildActionMask = 2147483647;
			files = (
				19EB3DD52ED71B340003B76D /* .gitignore in Resources */,
			);
			runOnlyForDeploymentPostprocessing = 0;
		};
/* End PBXResourcesBuildPhase section */

/* Begin PBXSourcesBuildPhase section */
		19EB3D2F2ED6ED290003B76D /* Sources */ = {
			isa = PBXSourcesBuildPhase;
			buildActionMask = 2147483647;
			files = (
			);
			runOnlyForDeploymentPostprocessing = 0;
		};
/* End PBXSourcesBuildPhase section */

/* Begin XCBuildConfiguration section */
		19EB3D472ED6ED2A0003B76D /* Debug */ = {
			isa = XCBuildConfiguration;
			buildSettings = {
				ASSETCATALOG_COMPILER_APPICON_NAME = AppIcon;
				ASSETCATALOG_COMPILER_GLOBAL_ACCENT_COLOR_NAME = AccentColor;
				CODE_SIGN_STYLE = Automatic;
				CURRENT_PROJECT_VERSION = 1;
				DEVELOPMENT_TEAM = 3R2UHS38TG;
				GENERATE_INFOPLIST_FILE = YES;
				INFOPLIST_FILE = "Stuttering App/Info.plist";
				INFOPLIST_KEY_CFBundleDisplayName = Spasht;
				INFOPLIST_KEY_NSCameraUsageDescription = "Allow camera usage for camera input ";
				INFOPLIST_KEY_NSMicrophoneUsageDescription = "Allow microphone usage for audio input ";
				INFOPLIST_KEY_NSSpeechRecognitionUsageDescription = "Allow speech recognition for speech test ";
				INFOPLIST_KEY_UIApplicationSupportsIndirectInputEvents = YES;
				INFOPLIST_KEY_UILaunchStoryboardName = LaunchScreen;
				INFOPLIST_KEY_UIMainStoryboardFile = Main;
				INFOPLIST_KEY_UIStatusBarStyle = "";
				INFOPLIST_KEY_UISupportedInterfaceOrientations = UIInterfaceOrientationPortrait;
				INFOPLIST_KEY_UIUserInterfaceStyle = Light;
				IPHONEOS_DEPLOYMENT_TARGET = 26.0;
				LD_RUNPATH_SEARCH_PATHS = (
					"$(inherited)",
					"@executable_path/Frameworks",
				);
				MARKETING_VERSION = 1.0;
				PRODUCT_BUNDLE_IDENTIFIER = com.stutteringapp1347;
				PRODUCT_NAME = "$(TARGET_NAME)";
				STRING_CATALOG_GENERATE_SYMBOLS = YES;
				SWIFT_APPROACHABLE_CONCURRENCY = YES;
				SWIFT_DEFAULT_ACTOR_ISOLATION = MainActor;
				SWIFT_EMIT_LOC_STRINGS = YES;
				SWIFT_UPCOMING_FEATURE_MEMBER_IMPORT_VISIBILITY = YES;
				SWIFT_VERSION = 5.0;
				TARGETED_DEVICE_FAMILY = "1,2";
			};
			name = Debug;
		};
		19EB3D482ED6ED2A0003B76D /* Release */ = {
			isa = XCBuildConfiguration;
			buildSettings = {
				ASSETCATALOG_COMPILER_APPICON_NAME = AppIcon;
				ASSETCATALOG_COMPILER_GLOBAL_ACCENT_COLOR_NAME = AccentColor;
				CODE_SIGN_STYLE = Automatic;
				CURRENT_PROJECT_VERSION = 1;
				DEVELOPMENT_TEAM = 3R2UHS38TG;
				GENERATE_INFOPLIST_FILE = YES;
				INFOPLIST_FILE = "Stuttering App/Info.plist";
				INFOPLIST_KEY_CFBundleDisplayName = Spasht;
				INFOPLIST_KEY_NSCameraUsageDescription = "Allow camera usage for camera input ";
				INFOPLIST_KEY_NSMicrophoneUsageDescription = "Allow microphone usage for audio input ";
				INFOPLIST_KEY_NSSpeechRecognitionUsageDescription = "Allow speech recognition for speech test ";
				INFOPLIST_KEY_UIApplicationSupportsIndirectInputEvents = YES;
				INFOPLIST_KEY_UILaunchStoryboardName = LaunchScreen;
				INFOPLIST_KEY_UIMainStoryboardFile = Main;
				INFOPLIST_KEY_UIStatusBarStyle = "";
				INFOPLIST_KEY_UISupportedInterfaceOrientations = UIInterfaceOrientationPortrait;
				INFOPLIST_KEY_UIUserInterfaceStyle = Light;
				IPHONEOS_DEPLOYMENT_TARGET = 26.0;
				LD_RUNPATH_SEARCH_PATHS = (
					"$(inherited)",
					"@executable_path/Frameworks",
				);
				MARKETING_VERSION = 1.0;
				PRODUCT_BUNDLE_IDENTIFIER = com.stutteringapp1347;
				PRODUCT_NAME = "$(TARGET_NAME)";
				STRING_CATALOG_GENERATE_SYMBOLS = YES;
				SWIFT_APPROACHABLE_CONCURRENCY = YES;
				SWIFT_DEFAULT_ACTOR_ISOLATION = MainActor;
				SWIFT_EMIT_LOC_STRINGS = YES;
				SWIFT_UPCOMING_FEATURE_MEMBER_IMPORT_VISIBILITY = YES;
				SWIFT_VERSION = 5.0;
				TARGETED_DEVICE_FAMILY = "1,2";
			};
			name = Release;
		};
		19EB3D492ED6ED2A0003B76D /* Debug */ = {
			isa = XCBuildConfiguration;
			buildSettings = {
				ALWAYS_SEARCH_USER_PATHS = NO;
				ASSETCATALOG_COMPILER_GENERATE_SWIFT_ASSET_SYMBOL_EXTENSIONS = YES;
				CLANG_ANALYZER_NONNULL = YES;
				CLANG_ANALYZER_NUMBER_OBJECT_CONVERSION = YES_AGGRESSIVE;
				CLANG_CXX_LANGUAGE_STANDARD = "gnu++20";
				CLANG_ENABLE_MODULES = YES;
				CLANG_ENABLE_OBJC_ARC = YES;
				CLANG_ENABLE_OBJC_WEAK = YES;
				CLANG_WARN_BLOCK_CAPTURE_AUTORELEASING = YES;
				CLANG_WARN_BOOL_CONVERSION = YES;
				CLANG_WARN_COMMA = YES;
				CLANG_WARN_CONSTANT_CONVERSION = YES;
				CLANG_WARN_DEPRECATED_OBJC_IMPLEMENTATIONS = YES;
				CLANG_WARN_DIRECT_OBJC_ISA_USAGE = YES_ERROR;
				CLANG_WARN_DOCUMENTATION_COMMENTS = YES;
				CLANG_WARN_EMPTY_BODY = YES;
				CLANG_WARN_ENUM_CONVERSION = YES;
				CLANG_WARN_INFINITE_RECURSION = YES;
				CLANG_WARN_INT_CONVERSION = YES;
				CLANG_WARN_NON_LITERAL_NULL_CONVERSION = YES;
				CLANG_WARN_OBJC_IMPLICIT_RETAIN_SELF = YES;
				CLANG_WARN_OBJC_LITERAL_CONVERSION = YES;
				CLANG_WARN_OBJC_ROOT_CLASS = YES_ERROR;
				CLANG_WARN_QUOTED_INCLUDE_IN_FRAMEWORK_HEADER = YES;
				CLANG_WARN_RANGE_LOOP_ANALYSIS = YES;
				CLANG_WARN_STRICT_PROTOTYPES = YES;
				CLANG_WARN_SUSPICIOUS_MOVE = YES;
				CLANG_WARN_UNGUARDED_AVAILABILITY = YES_AGGRESSIVE;
				CLANG_WARN_UNREACHABLE_CODE = YES;
				CLANG_WARN__DUPLICATE_METHOD_MATCH = YES;
				COPY_PHASE_STRIP = NO;
				DEBUG_INFORMATION_FORMAT = dwarf;
				ENABLE_STRICT_OBJC_MSGSEND = YES;
				ENABLE_TESTABILITY = YES;
				ENABLE_USER_SCRIPT_SANDBOXING = YES;
				GCC_C_LANGUAGE_STANDARD = gnu17;
				GCC_DYNAMIC_NO_PIC = NO;
				GCC_NO_COMMON_BLOCKS = YES;
				GCC_OPTIMIZATION_LEVEL = 0;
				GCC_PREPROCESSOR_DEFINITIONS = (
					"DEBUG=1",
					"$(inherited)",
				);
				GCC_WARN_64_TO_32_BIT_CONVERSION = YES;
				GCC_WARN_ABOUT_RETURN_TYPE = YES_ERROR;
				GCC_WARN_UNDECLARED_SELECTOR = YES;
				GCC_WARN_UNINITIALIZED_AUTOS = YES_AGGRESSIVE;
				GCC_WARN_UNUSED_FUNCTION = YES;
				GCC_WARN_UNUSED_VARIABLE = YES;
				IPHONEOS_DEPLOYMENT_TARGET = 26.1;
				LOCALIZATION_PREFERS_STRING_CATALOGS = YES;
				MTL_ENABLE_DEBUG_INFO = INCLUDE_SOURCE;
				MTL_FAST_MATH = YES;
				ONLY_ACTIVE_ARCH = YES;
				SDKROOT = iphoneos;
				SWIFT_ACTIVE_COMPILATION_CONDITIONS = "DEBUG $(inherited)";
				SWIFT_OPTIMIZATION_LEVEL = "-Onone";
			};
			name = Debug;
		};
		19EB3D4A2ED6ED2A0003B76D /* Release */ = {
			isa = XCBuildConfiguration;
			buildSettings = {
				ALWAYS_SEARCH_USER_PATHS = NO;
				ASSETCATALOG_COMPILER_GENERATE_SWIFT_ASSET_SYMBOL_EXTENSIONS = YES;
				CLANG_ANALYZER_NONNULL = YES;
				CLANG_ANALYZER_NUMBER_OBJECT_CONVERSION = YES_AGGRESSIVE;
				CLANG_CXX_LANGUAGE_STANDARD = "gnu++20";
				CLANG_ENABLE_MODULES = YES;
				CLANG_ENABLE_OBJC_ARC = YES;
				CLANG_ENABLE_OBJC_WEAK = YES;
				CLANG_WARN_BLOCK_CAPTURE_AUTORELEASING = YES;
				CLANG_WARN_BOOL_CONVERSION = YES;
				CLANG_WARN_COMMA = YES;
				CLANG_WARN_CONSTANT_CONVERSION = YES;
				CLANG_WARN_DEPRECATED_OBJC_IMPLEMENTATIONS = YES;
				CLANG_WARN_DIRECT_OBJC_ISA_USAGE = YES_ERROR;
				CLANG_WARN_DOCUMENTATION_COMMENTS = YES;
				CLANG_WARN_EMPTY_BODY = YES;
				CLANG_WARN_ENUM_CONVERSION = YES;
				CLANG_WARN_INFINITE_RECURSION = YES;
				CLANG_WARN_INT_CONVERSION = YES;
				CLANG_WARN_NON_LITERAL_NULL_CONVERSION = YES;
				CLANG_WARN_OBJC_IMPLICIT_RETAIN_SELF = YES;
				CLANG_WARN_OBJC_LITERAL_CONVERSION = YES;
				CLANG_WARN_OBJC_ROOT_CLASS = YES_ERROR;
				CLANG_WARN_QUOTED_INCLUDE_IN_FRAMEWORK_HEADER = YES;
				CLANG_WARN_RANGE_LOOP_ANALYSIS = YES;
				CLANG_WARN_STRICT_PROTOTYPES = YES;
				CLANG_WARN_SUSPICIOUS_MOVE = YES;
				CLANG_WARN_UNGUARDED_AVAILABILITY = YES_AGGRESSIVE;
				CLANG_WARN_UNREACHABLE_CODE = YES;
				CLANG_WARN__DUPLICATE_METHOD_MATCH = YES;
				COPY_PHASE_STRIP = NO;
				DEBUG_INFORMATION_FORMAT = "dwarf-with-dsym";
				ENABLE_NS_ASSERTIONS = NO;
				ENABLE_STRICT_OBJC_MSGSEND = YES;
				ENABLE_USER_SCRIPT_SANDBOXING = YES;
				GCC_C_LANGUAGE_STANDARD = gnu17;
				GCC_NO_COMMON_BLOCKS = YES;
				GCC_WARN_64_TO_32_BIT_CONVERSION = YES;
				GCC_WARN_ABOUT_RETURN_TYPE = YES_ERROR;
				GCC_WARN_UNDECLARED_SELECTOR = YES;
				GCC_WARN_UNINITIALIZED_AUTOS = YES_AGGRESSIVE;
				GCC_WARN_UNUSED_FUNCTION = YES;
				GCC_WARN_UNUSED_VARIABLE = YES;
				IPHONEOS_DEPLOYMENT_TARGET = 26.1;
				LOCALIZATION_PREFERS_STRING_CATALOGS = YES;
				MTL_ENABLE_DEBUG_INFO = NO;
				MTL_FAST_MATH = YES;
				SDKROOT = iphoneos;
				SWIFT_COMPILATION_MODE = wholemodule;
				VALIDATE_PRODUCT = YES;
			};
			name = Release;
		};
/* End XCBuildConfiguration section */

/* Begin XCConfigurationList section */
		19EB3D2E2ED6ED290003B76D /* Build configuration list for PBXProject "Stuttering App" */ = {
			isa = XCConfigurationList;
			buildConfigurations = (
				19EB3D492ED6ED2A0003B76D /* Debug */,
				19EB3D4A2ED6ED2A0003B76D /* Release */,
			);
			defaultConfigurationIsVisible = 0;
			defaultConfigurationName = Release;
		};
		19EB3D462ED6ED2A0003B76D /* Build configuration list for PBXNativeTarget "Stuttering App" */ = {
			isa = XCConfigurationList;
			buildConfigurations = (
				19EB3D472ED6ED2A0003B76D /* Debug */,
				19EB3D482ED6ED2A0003B76D /* Release */,
			);
			defaultConfigurationIsVisible = 0;
			defaultConfigurationName = Release;
		};
/* End XCConfigurationList section */

/* Begin XCRemoteSwiftPackageReference section */
		192A5D102F7A917E00DB8C96 /* XCRemoteSwiftPackageReference "WhisperKit" */ = {
			isa = XCRemoteSwiftPackageReference;
			repositoryURL = "https://github.com/argmaxinc/WhisperKit.git";
			requirement = {
				branch = main;
				kind = branch;
			};
		};
		1993B0892F69460700C78634 /* XCRemoteSwiftPackageReference "GoogleSignIn-iOS" */ = {
			isa = XCRemoteSwiftPackageReference;
			repositoryURL = "https://github.com/google/GoogleSignIn-iOS";
			requirement = {
				kind = upToNextMajorVersion;
				minimumVersion = 9.1.0;
			};
		};
		1993B08E2F69462B00C78634 /* XCRemoteSwiftPackageReference "rive-ios" */ = {
			isa = XCRemoteSwiftPackageReference;
			repositoryURL = "https://github.com/rive-app/rive-ios";
			requirement = {
				kind = upToNextMajorVersion;
				minimumVersion = 6.17.0;
			};
		};
		19B7F8C32F5E961600E02FB6 /* XCRemoteSwiftPackageReference "supabase-swift" */ = {
			isa = XCRemoteSwiftPackageReference;
			repositoryURL = "https://github.com/supabase/supabase-swift";
			requirement = {
				kind = upToNextMajorVersion;
				minimumVersion = 2.5.1;
			};
		};
/* End XCRemoteSwiftPackageReference section */

/* Begin XCSwiftPackageProductDependency section */
		192A5D112F7A917E00DB8C96 /* SpeakerKit */ = {
			isa = XCSwiftPackageProductDependency;
			package = 192A5D102F7A917E00DB8C96 /* XCRemoteSwiftPackageReference "WhisperKit" */;
			productName = SpeakerKit;
		};
		192A5D132F7A917E00DB8C96 /* TTSKit */ = {
			isa = XCSwiftPackageProductDependency;
			package = 192A5D102F7A917E00DB8C96 /* XCRemoteSwiftPackageReference "WhisperKit" */;
			productName = TTSKit;
		};
		192A5D152F7A917E00DB8C96 /* WhisperKit */ = {
			isa = XCSwiftPackageProductDependency;
			package = 192A5D102F7A917E00DB8C96 /* XCRemoteSwiftPackageReference "WhisperKit" */;
			productName = WhisperKit;
		};
		1993B08A2F69460700C78634 /* GoogleSignIn */ = {
			isa = XCSwiftPackageProductDependency;
			package = 1993B0892F69460700C78634 /* XCRemoteSwiftPackageReference "GoogleSignIn-iOS" */;
			productName = GoogleSignIn;
		};
		1993B08C2F69460700C78634 /* GoogleSignInSwift */ = {
			isa = XCSwiftPackageProductDependency;
			package = 1993B0892F69460700C78634 /* XCRemoteSwiftPackageReference "GoogleSignIn-iOS" */;
			productName = GoogleSignInSwift;
		};
		1993B08F2F69462B00C78634 /* RiveRuntime */ = {
			isa = XCSwiftPackageProductDependency;
			package = 1993B08E2F69462B00C78634 /* XCRemoteSwiftPackageReference "rive-ios" */;
			productName = RiveRuntime;
		};
		19B7F8C42F5E961600E02FB6 /* Supabase */ = {
			isa = XCSwiftPackageProductDependency;
			package = 19B7F8C32F5E961600E02FB6 /* XCRemoteSwiftPackageReference "supabase-swift" */;
			productName = Supabase;
		};
/* End XCSwiftPackageProductDependency section */
	};
	rootObject = 19EB3D2B2ED6ED290003B76D /* Project object */;
}
